{
  "lockfileVersion": 1,
  "workspaces": {
    "": {
      "name": "micromatch",
      "dependencies": {
        "@iconify/svelte": "^3.1.6",
        "@smui/button": "^8.0.3",
        "@smui/card": "^8.0.3",
        "@smui/chips": "^8.0.3",
        "@smui/dialog": "^8.0.3",
        "@smui/fab": "^8.0.3",
        "@smui/icon-button": "^8.0.3",
        "@smui/linear-progress": "^8.0.3",
        "@smui/list": "^8.0.3",
        "@smui/snackbar": "^8.0.3",
        "@smui/textfield": "^8.0.3",
        "@smui/top-app-bar": "^8.0.3",
        "@sveltejs/adapter-auto": "^6.1.0",
        "@sveltejs/kit": "^2.29.0",
        "svelte": "^5.38.1",
        "vite": "^7.0.0",
      },
      "devDependencies": {
        "svelte-check": "^4.1.0",
        "typescript": "^5.5.0",
      },
    },
  },
  "packages": {
    "@esbuild/aix-ppc64": ["@esbuild/aix-ppc64@0.25.9", "", { "os": "aix", "cpu": "ppc64" }, "sha512-OaGtL73Jck6pBKjNIe24BnFE6agGl+6KxDtTfHhy1HmhthfKouEcOhqpSL64K4/0WCtbKFLOdzD/44cJ4k9opA=="],

    "@esbuild/android-arm": ["@esbuild/android-arm@0.25.9", "", { "os": "android", "cpu": "arm" }, "sha512-5WNI1DaMtxQ7t7B6xa572XMXpHAaI/9Hnhk8lcxF4zVN4xstUgTlvuGDorBguKEnZO70qwEcLpfifMLoxiPqHQ=="],

    "@esbuild/android-arm64": ["@esbuild/android-arm64@0.25.9", "", { "os": "android", "cpu": "arm64" }, "sha512-IDrddSmpSv51ftWslJMvl3Q2ZT98fUSL2/rlUXuVqRXHCs5EUF1/f+jbjF5+NG9UffUDMCiTyh8iec7u8RlTLg=="],

    "@esbuild/android-x64": ["@esbuild/android-x64@0.25.9", "", { "os": "android", "cpu": "x64" }, "sha512-I853iMZ1hWZdNllhVZKm34f4wErd4lMyeV7BLzEExGEIZYsOzqDWDf+y082izYUE8gtJnYHdeDpN/6tUdwvfiw=="],

    "@esbuild/darwin-arm64": ["@esbuild/darwin-arm64@0.25.9", "", { "os": "darwin", "cpu": "arm64" }, "sha512-XIpIDMAjOELi/9PB30vEbVMs3GV1v2zkkPnuyRRURbhqjyzIINwj+nbQATh4H9GxUgH1kFsEyQMxwiLFKUS6Rg=="],

    "@esbuild/darwin-x64": ["@esbuild/darwin-x64@0.25.9", "", { "os": "darwin", "cpu": "x64" }, "sha512-jhHfBzjYTA1IQu8VyrjCX4ApJDnH+ez+IYVEoJHeqJm9VhG9Dh2BYaJritkYK3vMaXrf7Ogr/0MQ8/MeIefsPQ=="],

    "@esbuild/freebsd-arm64": ["@esbuild/freebsd-arm64@0.25.9", "", { "os": "freebsd", "cpu": "arm64" }, "sha512-z93DmbnY6fX9+KdD4Ue/H6sYs+bhFQJNCPZsi4XWJoYblUqT06MQUdBCpcSfuiN72AbqeBFu5LVQTjfXDE2A6Q=="],

    "@esbuild/freebsd-x64": ["@esbuild/freebsd-x64@0.25.9", "", { "os": "freebsd", "cpu": "x64" }, "sha512-mrKX6H/vOyo5v71YfXWJxLVxgy1kyt1MQaD8wZJgJfG4gq4DpQGpgTB74e5yBeQdyMTbgxp0YtNj7NuHN0PoZg=="],

    "@esbuild/linux-arm": ["@esbuild/linux-arm@0.25.9", "", { "os": "linux", "cpu": "arm" }, "sha512-HBU2Xv78SMgaydBmdor38lg8YDnFKSARg1Q6AT0/y2ezUAKiZvc211RDFHlEZRFNRVhcMamiToo7bDx3VEOYQw=="],

    "@esbuild/linux-arm64": ["@esbuild/linux-arm64@0.25.9", "", { "os": "linux", "cpu": "arm64" }, "sha512-BlB7bIcLT3G26urh5Dmse7fiLmLXnRlopw4s8DalgZ8ef79Jj4aUcYbk90g8iCa2467HX8SAIidbL7gsqXHdRw=="],

    "@esbuild/linux-ia32": ["@esbuild/linux-ia32@0.25.9", "", { "os": "linux", "cpu": "ia32" }, "sha512-e7S3MOJPZGp2QW6AK6+Ly81rC7oOSerQ+P8L0ta4FhVi+/j/v2yZzx5CqqDaWjtPFfYz21Vi1S0auHrap3Ma3A=="],

    "@esbuild/linux-loong64": ["@esbuild/linux-loong64@0.25.9", "", { "os": "linux", "cpu": "none" }, "sha512-Sbe10Bnn0oUAB2AalYztvGcK+o6YFFA/9829PhOCUS9vkJElXGdphz0A3DbMdP8gmKkqPmPcMJmJOrI3VYB1JQ=="],

    "@esbuild/linux-mips64el": ["@esbuild/linux-mips64el@0.25.9", "", { "os": "linux", "cpu": "none" }, "sha512-YcM5br0mVyZw2jcQeLIkhWtKPeVfAerES5PvOzaDxVtIyZ2NUBZKNLjC5z3/fUlDgT6w89VsxP2qzNipOaaDyA=="],

    "@esbuild/linux-ppc64": ["@esbuild/linux-ppc64@0.25.9", "", { "os": "linux", "cpu": "ppc64" }, "sha512-++0HQvasdo20JytyDpFvQtNrEsAgNG2CY1CLMwGXfFTKGBGQT3bOeLSYE2l1fYdvML5KUuwn9Z8L1EWe2tzs1w=="],

    "@esbuild/linux-riscv64": ["@esbuild/linux-riscv64@0.25.9", "", { "os": "linux", "cpu": "none" }, "sha512-uNIBa279Y3fkjV+2cUjx36xkx7eSjb8IvnL01eXUKXez/CBHNRw5ekCGMPM0BcmqBxBcdgUWuUXmVWwm4CH9kg=="],

    "@esbuild/linux-s390x": ["@esbuild/linux-s390x@0.25.9", "", { "os": "linux", "cpu": "s390x" }, "sha512-Mfiphvp3MjC/lctb+7D287Xw1DGzqJPb/J2aHHcHxflUo+8tmN/6d4k6I2yFR7BVo5/g7x2Monq4+Yew0EHRIA=="],

    "@esbuild/linux-x64": ["@esbuild/linux-x64@0.25.9", "", { "os": "linux", "cpu": "x64" }, "sha512-iSwByxzRe48YVkmpbgoxVzn76BXjlYFXC7NvLYq+b+kDjyyk30J0JY47DIn8z1MO3K0oSl9fZoRmZPQI4Hklzg=="],

    "@esbuild/netbsd-arm64": ["@esbuild/netbsd-arm64@0.25.9", "", { "os": "none", "cpu": "arm64" }, "sha512-9jNJl6FqaUG+COdQMjSCGW4QiMHH88xWbvZ+kRVblZsWrkXlABuGdFJ1E9L7HK+T0Yqd4akKNa/lO0+jDxQD4Q=="],

    "@esbuild/netbsd-x64": ["@esbuild/netbsd-x64@0.25.9", "", { "os": "none", "cpu": "x64" }, "sha512-RLLdkflmqRG8KanPGOU7Rpg829ZHu8nFy5Pqdi9U01VYtG9Y0zOG6Vr2z4/S+/3zIyOxiK6cCeYNWOFR9QP87g=="],

    "@esbuild/openbsd-arm64": ["@esbuild/openbsd-arm64@0.25.9", "", { "os": "openbsd", "cpu": "arm64" }, "sha512-YaFBlPGeDasft5IIM+CQAhJAqS3St3nJzDEgsgFixcfZeyGPCd6eJBWzke5piZuZ7CtL656eOSYKk4Ls2C0FRQ=="],

    "@esbuild/openbsd-x64": ["@esbuild/openbsd-x64@0.25.9", "", { "os": "openbsd", "cpu": "x64" }, "sha512-1MkgTCuvMGWuqVtAvkpkXFmtL8XhWy+j4jaSO2wxfJtilVCi0ZE37b8uOdMItIHz4I6z1bWWtEX4CJwcKYLcuA=="],

    "@esbuild/openharmony-arm64": ["@esbuild/openharmony-arm64@0.25.9", "", { "os": "none", "cpu": "arm64" }, "sha512-4Xd0xNiMVXKh6Fa7HEJQbrpP3m3DDn43jKxMjxLLRjWnRsfxjORYJlXPO4JNcXtOyfajXorRKY9NkOpTHptErg=="],

    "@esbuild/sunos-x64": ["@esbuild/sunos-x64@0.25.9", "", { "os": "sunos", "cpu": "x64" }, "sha512-WjH4s6hzo00nNezhp3wFIAfmGZ8U7KtrJNlFMRKxiI9mxEK1scOMAaa9i4crUtu+tBr+0IN6JCuAcSBJZfnphw=="],

    "@esbuild/win32-arm64": ["@esbuild/win32-arm64@0.25.9", "", { "os": "win32", "cpu": "arm64" }, "sha512-mGFrVJHmZiRqmP8xFOc6b84/7xa5y5YvR1x8djzXpJBSv/UsNK6aqec+6JDjConTgvvQefdGhFDAs2DLAds6gQ=="],

    "@esbuild/win32-ia32": ["@esbuild/win32-ia32@0.25.9", "", { "os": "win32", "cpu": "ia32" }, "sha512-b33gLVU2k11nVx1OhX3C8QQP6UHQK4ZtN56oFWvVXvz2VkDoe6fbG8TOgHFxEvqeqohmRnIHe5A1+HADk4OQww=="],

    "@esbuild/win32-x64": ["@esbuild/win32-x64@0.25.9", "", { "os": "win32", "cpu": "x64" }, "sha512-PPOl1mi6lpLNQxnGoyAfschAodRFYXJ+9fs6WHXz7CSWKbOqiMZsubC+BQsVKuul+3vKLuwTHsS2c2y9EoKwxQ=="],

    "@iconify/svelte": ["@iconify/svelte@3.1.6", "", { "dependencies": { "@iconify/types": "^2.0.0" }, "peerDependencies": { "svelte": "*" } }, "sha512-yLSrlkOx5J6xXU5GDLPBV/MdVBVEZhd36onfqSbxQobp1XBoWQbMPLNZyCAmTKCPnmzXSowGy79agl8FQ3kj6A=="],

    "@iconify/types": ["@iconify/types@2.0.0", "", {}, "sha512-+wluvCrRhXrhyOmRDJ3q8mux9JkKy5SJ/v8ol2tu4FVjyYvtEzkc/3pK15ET6RKg4b4w4BmTk1+gsCUhf21Ykg=="],

    "@jridgewell/gen-mapping": ["@jridgewell/gen-mapping@0.3.13", "", { "dependencies": { "@jridgewell/sourcemap-codec": "^1.5.0", "@jridgewell/trace-mapping": "^0.3.24" } }, "sha512-2kkt/7niJ6MgEPxF0bYdQ6etZaA+fQvDcLKckhy1yIQOzaoKjBBjSj63/aLVjYE3qhRt5dvM+uUyfCg6UKCBbA=="],

    "@jridgewell/remapping": ["@jridgewell/remapping@2.3.5", "", { "dependencies": { "@jridgewell/gen-mapping": "^0.3.5", "@jridgewell/trace-mapping": "^0.3.24" } }, "sha512-LI9u/+laYG4Ds1TDKSJW2YPrIlcVYOwi2fUC6xB43lueCjgxV4lffOCZCtYFiH6TNOX+tQKXx97T4IKHbhyHEQ=="],

    "@jridgewell/resolve-uri": ["@jridgewell/resolve-uri@3.1.2", "", {}, "sha512-bRISgCIjP20/tbWSPWMEi54QVPRZExkuD9lJL+UIxUKtwVJA8wW1Trb1jMs1RFXo1CBTNZ/5hpC9QvmKWdopKw=="],

    "@jridgewell/sourcemap-codec": ["@jridgewell/sourcemap-codec@1.5.5", "", {}, "sha512-cYQ9310grqxueWbl+WuIUIaiUaDcj7WOq5fVhEljNVgRfOUhY9fy2zTvfoqWsnebh8Sl70VScFbICvJnLKB0Og=="],

    "@jridgewell/trace-mapping": ["@jridgewell/trace-mapping@0.3.30", "", { "dependencies": { "@jridgewell/resolve-uri": "^3.1.0", "@jridgewell/sourcemap-codec": "^1.4.14" } }, "sha512-GQ7Nw5G2lTu/BtHTKfXhKHok2WGetd4XYcVKGx00SjAk8GMwgJM3zr6zORiPGuOE+/vkc90KtTosSSvaCjKb2Q=="],

    "@material/animation": ["@material/animation@14.0.0", "", { "dependencies": { "tslib": "^2.1.0" } }, "sha512-VlYSfUaIj/BBVtRZI8Gv0VvzikFf+XgK0Zdgsok5c1v5DDnNz5tpB8mnGrveWz0rHbp1X4+CWLKrTwNmjrw3Xw=="],

    "@material/base": ["@material/base@14.0.0", "", { "dependencies": { "tslib": "^2.1.0" } }, "sha512-Ou7vS7n1H4Y10MUZyYAbt6H0t67c6urxoCgeVT7M38aQlaNUwFMODp7KT/myjYz2YULfhu3PtfSV3Sltgac9mA=="],

    "@material/button": ["@material/button@14.0.0", "", { "dependencies": { "@material/density": "^14.0.0", "@material/dom": "^14.0.0", "@material/elevation": "^14.0.0", "@material/feature-targeting": "^14.0.0", "@material/focus-ring": "^14.0.0", "@material/ripple": "^14.0.0", "@material/rtl": "^14.0.0", "@material/shape": "^14.0.0", "@material/theme": "^14.0.0", "@material/tokens": "^14.0.0", "@material/touch-target": "^14.0.0", "@material/typography": "^14.0.0", "tslib": "^2.1.0" } }, "sha512-dqqHaJq0peyXBZupFzCjmvScrfljyVU66ZCS3oldsaaj5iz8sn33I/45Z4zPzdR5F5z8ExToHkRcXhakj1UEAA=="],

    "@material/card": ["@material/card@14.0.0", "", { "dependencies": { "@material/dom": "^14.0.0", "@material/elevation": "^14.0.0", "@material/feature-targeting": "^14.0.0", "@material/ripple": "^14.0.0", "@material/rtl": "^14.0.0", "@material/shape": "^14.0.0", "@material/theme": "^14.0.0", "tslib": "^2.1.0" } }, "sha512-SnpYWUrCb92meGYLXV7qa/k40gnHR6rPki6A1wz0OAyG2twY48f0HLscAqxBLvbbm1LuRaqjz0RLKGH3VzxZHw=="],

    "@material/checkbox": ["@material/checkbox@14.0.0", "", { "dependencies": { "@material/animation": "^14.0.0", "@material/base": "^14.0.0", "@material/density": "^14.0.0", "@material/dom": "^14.0.0", "@material/feature-targeting": "^14.0.0", "@material/focus-ring": "^14.0.0", "@material/ripple": "^14.0.0", "@material/theme": "^14.0.0", "@material/touch-target": "^14.0.0", "tslib": "^2.1.0" } }, "sha512-OoqwysCqvj1d0cRmEwVWPvg5OqYAiCFpE6Wng6me/Cahfe4xgRxSPa37WWqsClw20W7PG/5RrYRCBtc6bUUUZA=="],

    "@material/chips": ["@material/chips@14.0.0", "", { "dependencies": { "@material/animation": "^14.0.0", "@material/base": "^14.0.0", "@material/checkbox": "^14.0.0", "@material/density": "^14.0.0", "@material/dom": "^14.0.0", "@material/elevation": "^14.0.0", "@material/feature-targeting": "^14.0.0", "@material/focus-ring": "^14.0.0", "@material/ripple": "^14.0.0", "@material/rtl": "^14.0.0", "@material/shape": "^14.0.0", "@material/theme": "^14.0.0", "@material/tokens": "^14.0.0", "@material/touch-target": "^14.0.0", "@material/typography": "^14.0.0", "tslib": "^2.1.0" } }, "sha512-SfZX/Ovdq4NgjdtIr/N1O3fEHisZC+t8G8629OV/NrniSS6rKOa+q1mImzna8R4pfuYO+7nT5nZewQpL/JSYaQ=="],

    "@material/density": ["@material/density@14.0.0", "", { "dependencies": { "tslib": "^2.1.0" } }, "sha512-NlxXBV5XjNsKd8UXF4K/+fOXLxoFNecKbsaQO6O2u+iG8QBfFreKRmkhEBb2hPPwC3w8nrODwXX0lHV+toICQw=="],

    "@material/dialog": ["@material/dialog@14.0.0", "", { "dependencies": { "@material/animation": "^14.0.0", "@material/base": "^14.0.0", "@material/button": "^14.0.0", "@material/dom": "^14.0.0", "@material/elevation": "^14.0.0", "@material/feature-targeting": "^14.0.0", "@material/icon-button": "^14.0.0", "@material/ripple": "^14.0.0", "@material/rtl": "^14.0.0", "@material/shape": "^14.0.0", "@material/theme": "^14.0.0", "@material/tokens": "^14.0.0", "@material/touch-target": "^14.0.0", "@material/typography": "^14.0.0", "tslib": "^2.1.0" } }, "sha512-E07NEE4jP8jHaw/y2Il2R1a3f4wDFh2sgfCBtRO/Xh0xxJUMuQ7YXo/F3SAA8jfMbbkUv/PHdJUM3I3HmI9mAA=="],

    "@material/dom": ["@material/dom@14.0.0", "", { "dependencies": { "@material/feature-targeting": "^14.0.0", "tslib": "^2.1.0" } }, "sha512-8t88XyacclTj8qsIw9q0vEj4PI2KVncLoIsIMzwuMx49P2FZg6TsLjor262MI3Qs00UWAifuLMrhnOnfyrbe7Q=="],

    "@material/elevation": ["@material/elevation@14.0.0", "", { "dependencies": { "@material/animation": "^14.0.0", "@material/base": "^14.0.0", "@material/feature-targeting": "^14.0.0", "@material/rtl": "^14.0.0", "@material/theme": "^14.0.0", "tslib": "^2.1.0" } }, "sha512-Di3tkxTpXwvf1GJUmaC8rd+zVh5dB2SWMBGagL4+kT8UmjSISif/OPRGuGnXs3QhF6nmEjkdC0ijdZLcYQkepw=="],

    "@material/fab": ["@material/fab@14.0.0", "", { "dependencies": { "@material/animation": "^14.0.0", "@material/dom": "^14.0.0", "@material/elevation": "^14.0.0", "@material/feature-targeting": "^14.0.0", "@material/focus-ring": "^14.0.0", "@material/ripple": "^14.0.0", "@material/rtl": "^14.0.0", "@material/shape": "^14.0.0", "@material/theme": "^14.0.0", "@material/tokens": "^14.0.0", "@material/touch-target": "^14.0.0", "@material/typography": "^14.0.0", "tslib": "^2.1.0" } }, "sha512-s4rrw2TLU8ITKopHSTEHuJEFsGEZsb+ijwW16pQt0h9GArxPGaALT+CCJIPjf75D3wPEEMW0vnLj7oMoII2VFg=="],

    "@material/feature-targeting": ["@material/feature-targeting@14.0.0", "", { "dependencies": { "tslib": "^2.1.0" } }, "sha512-a5WGgHEq5lJeeNL5yevtgoZjBjXWy6+klfVWQEh8oyix/rMJygGgO7gEc52uv8fB8uAIoYEB3iBMOv8jRq8FeA=="],

    "@material/floating-label": ["@material/floating-label@14.0.0", "", { "dependencies": { "@material/animation": "^14.0.0", "@material/base": "^14.0.0", "@material/dom": "^14.0.0", "@material/feature-targeting": "^14.0.0", "@material/rtl": "^14.0.0", "@material/theme": "^14.0.0", "@material/typography": "^14.0.0", "tslib": "^2.1.0" } }, "sha512-Aq8BboP1sbNnOtsV72AfaYirHyOrQ/GKFoLrZ1Jt+ZGIAuXPETcj9z7nQDznst0ZeKcz420PxNn9tsybTbeL/Q=="],

    "@material/focus-ring": ["@material/focus-ring@14.0.0", "", { "dependencies": { "@material/dom": "^14.0.0", "@material/feature-targeting": "^14.0.0", "@material/rtl": "^14.0.0" } }, "sha512-fqqka6iSfQGJG3Le48RxPCtnOiaLGPDPikhktGbxlyW9srBVMgeCiONfHM7IT/1eu80O0Y67Lh/4ohu5+C+VAQ=="],

    "@material/icon-button": ["@material/icon-button@14.0.0", "", { "dependencies": { "@material/base": "^14.0.0", "@material/density": "^14.0.0", "@material/dom": "^14.0.0", "@material/elevation": "^14.0.0", "@material/feature-targeting": "^14.0.0", "@material/focus-ring": "^14.0.0", "@material/ripple": "^14.0.0", "@material/rtl": "^14.0.0", "@material/theme": "^14.0.0", "@material/touch-target": "^14.0.0", "tslib": "^2.1.0" } }, "sha512-wHMqzm7Q/UwbWLoWv32Li1r2iVYxadIrwTNxT0+p+7NdfI3lEwMN3NoB0CvoJnHTljjXDzce0KJ3nZloa0P0gA=="],

    "@material/line-ripple": ["@material/line-ripple@14.0.0", "", { "dependencies": { "@material/animation": "^14.0.0", "@material/base": "^14.0.0", "@material/feature-targeting": "^14.0.0", "@material/theme": "^14.0.0", "tslib": "^2.1.0" } }, "sha512-Rx9eSnfp3FcsNz4O+fobNNq2PSm5tYHC3hRpY2ZK3ghTvgp3Y40/soaGEi/Vdg0F7jJXRaBSNOe6p5t9CVfy8Q=="],

    "@material/linear-progress": ["@material/linear-progress@14.0.0", "", { "dependencies": { "@material/animation": "^14.0.0", "@material/base": "^14.0.0", "@material/dom": "^14.0.0", "@material/feature-targeting": "^14.0.0", "@material/progress-indicator": "^14.0.0", "@material/rtl": "^14.0.0", "@material/theme": "^14.0.0", "tslib": "^2.1.0" } }, "sha512-MGIAWMHMW6TSV/TNWyl5N/escpDHk3Rq6hultFif+D9adqbOXrtfZZIFPLj1FpMm1Ucnj6zgOmJHgCDsxRVNIA=="],

    "@material/list": ["@material/list@14.0.0", "", { "dependencies": { "@material/base": "^14.0.0", "@material/density": "^14.0.0", "@material/dom": "^14.0.0", "@material/feature-targeting": "^14.0.0", "@material/ripple": "^14.0.0", "@material/rtl": "^14.0.0", "@material/shape": "^14.0.0", "@material/theme": "^14.0.0", "@material/typography": "^14.0.0", "tslib": "^2.1.0" } }, "sha512-AFaBGV9vQyfnG8BT2R3UGVdF5w2SigQqBH+qbOSxQhk4BgVvhDfJUIKT415poLNMdnaDtcuYz+ZWvVNoRDaL7w=="],

    "@material/notched-outline": ["@material/notched-outline@14.0.0", "", { "dependencies": { "@material/base": "^14.0.0", "@material/feature-targeting": "^14.0.0", "@material/floating-label": "^14.0.0", "@material/rtl": "^14.0.0", "@material/shape": "^14.0.0", "@material/theme": "^14.0.0", "tslib": "^2.1.0" } }, "sha512-6S58DlWmhCDr4RQF2RuwqANxlmLdHtWy2mF4JQLD9WOiCg4qY9eCQnMXu3Tbhr7f/nOZ0vzc7AtA3vfJoZmCSw=="],

    "@material/progress-indicator": ["@material/progress-indicator@14.0.0", "", { "dependencies": { "tslib": "^2.1.0" } }, "sha512-09JRTuIySxs670Tcy4jVlqCUbyrO+Ad6z3nHnAi8pYl74duco4n/9jTROV0mlFdr9NIFifnd08lKbiFLDmfJGQ=="],

    "@material/ripple": ["@material/ripple@14.0.0", "", { "dependencies": { "@material/animation": "^14.0.0", "@material/base": "^14.0.0", "@material/dom": "^14.0.0", "@material/feature-targeting": "^14.0.0", "@material/rtl": "^14.0.0", "@material/theme": "^14.0.0", "tslib": "^2.1.0" } }, "sha512-9XoGBFd5JhFgELgW7pqtiLy+CnCIcV2s9cQ2BWbOQeA8faX9UZIDUx/g76nHLZ7UzKFtsULJxZTwORmsEt2zvw=="],

    "@material/rtl": ["@material/rtl@14.0.0", "", { "dependencies": { "@material/theme": "^14.0.0", "tslib": "^2.1.0" } }, "sha512-xl6OZYyRjuiW2hmbjV2omMV8sQtfmKAjeWnD1RMiAPLCTyOW9Lh/PYYnXjxUrNa0cRwIIbOn5J7OYXokja8puA=="],

    "@material/shape": ["@material/shape@14.0.0", "", { "dependencies": { "@material/feature-targeting": "^14.0.0", "@material/rtl": "^14.0.0", "@material/theme": "^14.0.0", "tslib": "^2.1.0" } }, "sha512-o0mJB0+feOv473KckI8gFnUo8IQAaEA6ynXzw3VIYFjPi48pJwrxa0mZcJP/OoTXrCbDzDeFJfDPXEmRioBb9A=="],

    "@material/snackbar": ["@material/snackbar@14.0.0", "", { "dependencies": { "@material/animation": "^14.0.0", "@material/base": "^14.0.0", "@material/button": "^14.0.0", "@material/dom": "^14.0.0", "@material/elevation": "^14.0.0", "@material/feature-targeting": "^14.0.0", "@material/icon-button": "^14.0.0", "@material/ripple": "^14.0.0", "@material/rtl": "^14.0.0", "@material/shape": "^14.0.0", "@material/theme": "^14.0.0", "@material/typography": "^14.0.0", "tslib": "^2.1.0" } }, "sha512-28uQBj9bw7BalNarK9j8/aVW4Ys5aRaGHoWH+CeYvAjqQUJkrYoqM52aiKhBwqrjBPMJHk1aXthe3YbzMBm6vA=="],

    "@material/textfield": ["@material/textfield@14.0.0", "", { "dependencies": { "@material/animation": "^14.0.0", "@material/base": "^14.0.0", "@material/density": "^14.0.0", "@material/dom": "^14.0.0", "@material/feature-targeting": "^14.0.0", "@material/floating-label": "^14.0.0", "@material/line-ripple": "^14.0.0", "@material/notched-outline": "^14.0.0", "@material/ripple": "^14.0.0", "@material/rtl": "^14.0.0", "@material/shape": "^14.0.0", "@material/theme": "^14.0.0", "@material/tokens": "^14.0.0", "@material/typography": "^14.0.0", "tslib": "^2.1.0" } }, "sha512-HGbtAlvlIB2vWBq85yw5wQeeP3Kndl6Z0TJzQ6piVtcfdl2mPyWhuuVHQRRAOis3rCIaAAaxCQYYTJh8wIi0XQ=="],

    "@material/theme": ["@material/theme@14.0.0", "", { "dependencies": { "@material/feature-targeting": "^14.0.0", "tslib": "^2.1.0" } }, "sha512-6/SENWNIFuXzeHMPHrYwbsXKgkvCtWuzzQ3cUu4UEt3KcQ5YpViazIM6h8ByYKZP8A9d8QpkJ0WGX5btGDcVoA=="],

    "@material/tokens": ["@material/tokens@14.0.0", "", { "dependencies": { "@material/elevation": "^14.0.0" } }, "sha512-SXgB9VwsKW4DFkHmJfDIS0x0cGdMWC1D06m6z/WQQ5P5j6/m0pKrbHVlrLzXcRjau+mFhXGvj/KyPo9Pp/Rc8Q=="],

    "@material/top-app-bar": ["@material/top-app-bar@14.0.0", "", { "dependencies": { "@material/animation": "^14.0.0", "@material/base": "^14.0.0", "@material/elevation": "^14.0.0", "@material/ripple": "^14.0.0", "@material/rtl": "^14.0.0", "@material/shape": "^14.0.0", "@material/theme": "^14.0.0", "@material/typography": "^14.0.0", "tslib": "^2.1.0" } }, "sha512-uPej5vHgZnlSB1+koiA9FnabXrHh3O/Npl2ifpUgDVwHDSOxKvLp2LNjyCO71co1QLNnNHIU0xXv3B97Gb0rpA=="],

    "@material/touch-target": ["@material/touch-target@14.0.0", "", { "dependencies": { "@material/base": "^14.0.0", "@material/feature-targeting": "^14.0.0", "@material/rtl": "^14.0.0", "tslib": "^2.1.0" } }, "sha512-o3kvxmS4HkmZoQTvtzLJrqSG+ezYXkyINm3Uiwio1PTg67pDgK5FRwInkz0VNaWPcw9+5jqjUQGjuZMtjQMq8w=="],

    "@material/typography": ["@material/typography@14.0.0", "", { "dependencies": { "@material/feature-targeting": "^14.0.0", "@material/theme": "^14.0.0", "tslib": "^2.1.0" } }, "sha512-/QtHBYiTR+TPMryM/CT386B2WlAQf/Ae32V324Z7P40gHLKY/YBXx7FDutAWZFeOerq/two4Nd2aAHBcMM2wMw=="],

    "@polka/url": ["@polka/url@1.0.0-next.29", "", {}, "sha512-wwQAWhWSuHaag8c4q/KN/vCoeOJYshAIvMQwD4GpSb3OiZklFfvAgmj0VCBBImRpuF/aFgIRzllXlVX93Jevww=="],

    "@rollup/rollup-android-arm-eabi": ["@rollup/rollup-android-arm-eabi@4.46.2", "", { "os": "android", "cpu": "arm" }, "sha512-Zj3Hl6sN34xJtMv7Anwb5Gu01yujyE/cLBDB2gnHTAHaWS1Z38L7kuSG+oAh0giZMqG060f/YBStXtMH6FvPMA=="],

    "@rollup/rollup-android-arm64": ["@rollup/rollup-android-arm64@4.46.2", "", { "os": "android", "cpu": "arm64" }, "sha512-nTeCWY83kN64oQ5MGz3CgtPx8NSOhC5lWtsjTs+8JAJNLcP3QbLCtDDgUKQc/Ro/frpMq4SHUaHN6AMltcEoLQ=="],

    "@rollup/rollup-darwin-arm64": ["@rollup/rollup-darwin-arm64@4.46.2", "", { "os": "darwin", "cpu": "arm64" }, "sha512-HV7bW2Fb/F5KPdM/9bApunQh68YVDU8sO8BvcW9OngQVN3HHHkw99wFupuUJfGR9pYLLAjcAOA6iO+evsbBaPQ=="],

    "@rollup/rollup-darwin-x64": ["@rollup/rollup-darwin-x64@4.46.2", "", { "os": "darwin", "cpu": "x64" }, "sha512-SSj8TlYV5nJixSsm/y3QXfhspSiLYP11zpfwp6G/YDXctf3Xkdnk4woJIF5VQe0of2OjzTt8EsxnJDCdHd2xMA=="],

    "@rollup/rollup-freebsd-arm64": ["@rollup/rollup-freebsd-arm64@4.46.2", "", { "os": "freebsd", "cpu": "arm64" }, "sha512-ZyrsG4TIT9xnOlLsSSi9w/X29tCbK1yegE49RYm3tu3wF1L/B6LVMqnEWyDB26d9Ecx9zrmXCiPmIabVuLmNSg=="],

    "@rollup/rollup-freebsd-x64": ["@rollup/rollup-freebsd-x64@4.46.2", "", { "os": "freebsd", "cpu": "x64" }, "sha512-pCgHFoOECwVCJ5GFq8+gR8SBKnMO+xe5UEqbemxBpCKYQddRQMgomv1104RnLSg7nNvgKy05sLsY51+OVRyiVw=="],

    "@rollup/rollup-linux-arm-gnueabihf": ["@rollup/rollup-linux-arm-gnueabihf@4.46.2", "", { "os": "linux", "cpu": "arm" }, "sha512-EtP8aquZ0xQg0ETFcxUbU71MZlHaw9MChwrQzatiE8U/bvi5uv/oChExXC4mWhjiqK7azGJBqU0tt5H123SzVA=="],

    "@rollup/rollup-linux-arm-musleabihf": ["@rollup/rollup-linux-arm-musleabihf@4.46.2", "", { "os": "linux", "cpu": "arm" }, "sha512-qO7F7U3u1nfxYRPM8HqFtLd+raev2K137dsV08q/LRKRLEc7RsiDWihUnrINdsWQxPR9jqZ8DIIZ1zJJAm5PjQ=="],

    "@rollup/rollup-linux-arm64-gnu": ["@rollup/rollup-linux-arm64-gnu@4.46.2", "", { "os": "linux", "cpu": "arm64" }, "sha512-3dRaqLfcOXYsfvw5xMrxAk9Lb1f395gkoBYzSFcc/scgRFptRXL9DOaDpMiehf9CO8ZDRJW2z45b6fpU5nwjng=="],

    "@rollup/rollup-linux-arm64-musl": ["@rollup/rollup-linux-arm64-musl@4.46.2", "", { "os": "linux", "cpu": "arm64" }, "sha512-fhHFTutA7SM+IrR6lIfiHskxmpmPTJUXpWIsBXpeEwNgZzZZSg/q4i6FU4J8qOGyJ0TR+wXBwx/L7Ho9z0+uDg=="],

    "@rollup/rollup-linux-loongarch64-gnu": ["@rollup/rollup-linux-loongarch64-gnu@4.46.2", "", { "os": "linux", "cpu": "none" }, "sha512-i7wfGFXu8x4+FRqPymzjD+Hyav8l95UIZ773j7J7zRYc3Xsxy2wIn4x+llpunexXe6laaO72iEjeeGyUFmjKeA=="],

    "@rollup/rollup-linux-ppc64-gnu": ["@rollup/rollup-linux-ppc64-gnu@4.46.2", "", { "os": "linux", "cpu": "ppc64" }, "sha512-B/l0dFcHVUnqcGZWKcWBSV2PF01YUt0Rvlurci5P+neqY/yMKchGU8ullZvIv5e8Y1C6wOn+U03mrDylP5q9Yw=="],

    "@rollup/rollup-linux-riscv64-gnu": ["@rollup/rollup-linux-riscv64-gnu@4.46.2", "", { "os": "linux", "cpu": "none" }, "sha512-32k4ENb5ygtkMwPMucAb8MtV8olkPT03oiTxJbgkJa7lJ7dZMr0GCFJlyvy+K8iq7F/iuOr41ZdUHaOiqyR3iQ=="],

    "@rollup/rollup-linux-riscv64-musl": ["@rollup/rollup-linux-riscv64-musl@4.46.2", "", { "os": "linux", "cpu": "none" }, "sha512-t5B2loThlFEauloaQkZg9gxV05BYeITLvLkWOkRXogP4qHXLkWSbSHKM9S6H1schf/0YGP/qNKtiISlxvfmmZw=="],

    "@rollup/rollup-linux-s390x-gnu": ["@rollup/rollup-linux-s390x-gnu@4.46.2", "", { "os": "linux", "cpu": "s390x" }, "sha512-YKjekwTEKgbB7n17gmODSmJVUIvj8CX7q5442/CK80L8nqOUbMtf8b01QkG3jOqyr1rotrAnW6B/qiHwfcuWQA=="],

    "@rollup/rollup-linux-x64-gnu": ["@rollup/rollup-linux-x64-gnu@4.46.2", "", { "os": "linux", "cpu": "x64" }, "sha512-Jj5a9RUoe5ra+MEyERkDKLwTXVu6s3aACP51nkfnK9wJTraCC8IMe3snOfALkrjTYd2G1ViE1hICj0fZ7ALBPA=="],

    "@rollup/rollup-linux-x64-musl": ["@rollup/rollup-linux-x64-musl@4.46.2", "", { "os": "linux", "cpu": "x64" }, "sha512-7kX69DIrBeD7yNp4A5b81izs8BqoZkCIaxQaOpumcJ1S/kmqNFjPhDu1LHeVXv0SexfHQv5cqHsxLOjETuqDuA=="],

    "@rollup/rollup-win32-arm64-msvc": ["@rollup/rollup-win32-arm64-msvc@4.46.2", "", { "os": "win32", "cpu": "arm64" }, "sha512-wiJWMIpeaak/jsbaq2HMh/rzZxHVW1rU6coyeNNpMwk5isiPjSTx0a4YLSlYDwBH/WBvLz+EtsNqQScZTLJy3g=="],

    "@rollup/rollup-win32-ia32-msvc": ["@rollup/rollup-win32-ia32-msvc@4.46.2", "", { "os": "win32", "cpu": "ia32" }, "sha512-gBgaUDESVzMgWZhcyjfs9QFK16D8K6QZpwAaVNJxYDLHWayOta4ZMjGm/vsAEy3hvlS2GosVFlBlP9/Wb85DqQ=="],

    "@rollup/rollup-win32-x64-msvc": ["@rollup/rollup-win32-x64-msvc@4.46.2", "", { "os": "win32", "cpu": "x64" }, "sha512-CvUo2ixeIQGtF6WvuB87XWqPQkoFAFqW+HUo/WzHwuHDvIwZCtjdWXoYCcr06iKGydiqTclC4jU/TNObC/xKZg=="],

    "@smui/button": ["@smui/button@8.0.3", "", { "dependencies": { "@material/button": "^14.0.0", "@material/elevation": "^14.0.0", "@material/feature-targeting": "^14.0.0", "@material/ripple": "^14.0.0", "@material/shape": "^14.0.0", "@material/theme": "^14.0.0", "@smui/common": "^8.0.3", "@smui/ripple": "^8.0.3" } }, "sha512-nGU2k0jNBDQcDIGW97xWxX7k0QzXeBoCl3Ah1qxPqR/pR8Q0927zOJTAhL6TMeiLnythoyVZOKkQVHX9Vb0mRg=="],

    "@smui/card": ["@smui/card@8.0.3", "", { "dependencies": { "@material/card": "^14.0.0", "@smui/button": "^8.0.3", "@smui/common": "^8.0.3", "@smui/icon-button": "^8.0.3", "@smui/ripple": "^8.0.3" } }, "sha512-eO6U5Ch++yCtrOdn/sPbuogGjl6Gq4c36aWC4Ty0IIp5E6fcLEHBOa+0gisFJ1YTyS0SNKMBd1Nbj7xVbC7YLQ=="],

    "@smui/chips": ["@smui/chips@8.0.3", "", { "dependencies": { "@material/chips": "^14.0.0", "@material/dom": "^14.0.0", "@material/rtl": "^14.0.0", "@smui/common": "^8.0.3", "@smui/ripple": "^8.0.3" } }, "sha512-MY8uAn/gX6gX+rZhhEWtWMe10MI7F02kUFJE61nAQKRNcNP79SS5lBqkk4FbR9vmw7xvCpPl3Ah+XGUJOEfbbA=="],

    "@smui/common": ["@smui/common@8.0.3", "", { "dependencies": { "@material/dom": "^14.0.0" } }, "sha512-Zgsp8KE4NH0+eLihHdhxYSzbV8M2w0B53BnM+5WvEEEJWzHcKhpvYNHTT6tG909IsIrU7uNNVJosNIw7leU8Wg=="],

    "@smui/dialog": ["@smui/dialog@8.0.3", "", { "dependencies": { "@material/button": "^14.0.0", "@material/dialog": "^14.0.0", "@material/dom": "^14.0.0", "@smui/common": "^8.0.3" } }, "sha512-CXHzsoqzE2e7cf1m8mtEGDiYvMKpzNQfEJUe6zD4EtOBpQ8+TUk7dW4ZRpg2yYV/uDxe1XdVizHJnsHVIzTJFA=="],

    "@smui/fab": ["@smui/fab@8.0.3", "", { "dependencies": { "@material/fab": "^14.0.0", "@material/feature-targeting": "^14.0.0", "@smui/common": "^8.0.3", "@smui/ripple": "^8.0.3" } }, "sha512-lCGLnP2AdG0nppirhvCAxnUrvMC3sQrKITZOMk8i986cUwnnOURHTOgN8oLOtLgiIVPotgrDz4IrGzP+ivCzSg=="],

    "@smui/floating-label": ["@smui/floating-label@8.0.3", "", { "dependencies": { "@material/floating-label": "^14.0.0", "@smui/common": "^8.0.3" } }, "sha512-rwAIsa4woLxgqz/QMs1ssKk/khJqTC3HFk8Gyy9bX6SEAM9sB1jEoIoCbvUeLOyMHLLibugiL0jcTRp8Igp83g=="],

    "@smui/icon-button": ["@smui/icon-button@8.0.3", "", { "dependencies": { "@material/density": "^14.0.0", "@material/icon-button": "^14.0.0", "@smui/common": "^8.0.3", "@smui/ripple": "^8.0.3" } }, "sha512-ehE6YJqMIsWoMBLUXfLc1W5D2Z4EYxTTWbFVVYR0USDe4NpNFZGOQW+QA0l5HHnRIXWsUrwS/DwD7t7Q6SCJDw=="],

    "@smui/line-ripple": ["@smui/line-ripple@8.0.3", "", { "dependencies": { "@material/line-ripple": "^14.0.0", "@smui/common": "^8.0.3" } }, "sha512-rwSFYag9FCf5HIAldk1dXspMrIExOe5nnb+iEPGQKjsf13R25aJA/CijYdR60cPPILLu5QB8OVHOKHLEnN1lWg=="],

    "@smui/linear-progress": ["@smui/linear-progress@8.0.3", "", { "dependencies": { "@material/linear-progress": "^14.0.0", "@smui/common": "^8.0.3" } }, "sha512-lc3241w3AYGHyw0nt/ZEwz15POw2ZYqEiZewAqJaEhkScBsac+pB3zBxFvIudeoFeMnmxU14a3mvIe6nqstAuA=="],

    "@smui/list": ["@smui/list@8.0.3", "", { "dependencies": { "@material/dom": "^14.0.0", "@material/feature-targeting": "^14.0.0", "@material/list": "^14.0.0", "@smui/common": "^8.0.3", "@smui/ripple": "^8.0.3" } }, "sha512-9ZMw+1GFp19TjD76AvDMjAu/lIngU+HIQIEDC76sVSJfdRRGRaUwWCM8H4qwz5vnpvEiD91Sw4aRqVlYMtSu9g=="],

    "@smui/notched-outline": ["@smui/notched-outline@8.0.3", "", { "dependencies": { "@material/notched-outline": "^14.0.0", "@smui/common": "^8.0.3", "@smui/floating-label": "^8.0.3" } }, "sha512-LTTPHGGg8RyF8spoeExk5MgwhQTvKd5TB28mneRR8PeFpSH3v144bH3v205QdMmJhipCX7gbu3tX2+SJcTfTxw=="],

    "@smui/ripple": ["@smui/ripple@8.0.3", "", { "dependencies": { "@material/dom": "^14.0.0", "@material/ripple": "^14.0.0", "@smui/common": "^8.0.3" } }, "sha512-K3dPwoMaSFFNTlQ0/iaGqY3mn6L1TXG6awmovlgX0SmrgRr9WUg+23xIdlxbWVGHihC2ZlJ4qczn7fA9XTRsEA=="],

    "@smui/snackbar": ["@smui/snackbar@8.0.3", "", { "dependencies": { "@material/dom": "^14.0.0", "@material/feature-targeting": "^14.0.0", "@material/snackbar": "^14.0.0", "@smui/button": "^8.0.3", "@smui/common": "^8.0.3", "@smui/icon-button": "^8.0.3", "@smui/ripple": "^8.0.3" } }, "sha512-aMxAjVnxUG4R2xT4eghsA0WEB5yTF+v/Xozzd8Wfeq5tUdZtUexqWkFajRyK1Yg25GuHzc2rS9Pt/MYpX5jc0w=="],

    "@smui/textfield": ["@smui/textfield@8.0.3", "", { "dependencies": { "@material/dom": "^14.0.0", "@material/feature-targeting": "^14.0.0", "@material/ripple": "^14.0.0", "@material/rtl": "^14.0.0", "@material/textfield": "^14.0.0", "@smui/common": "^8.0.3", "@smui/floating-label": "^8.0.3", "@smui/line-ripple": "^8.0.3", "@smui/notched-outline": "^8.0.3", "@smui/ripple": "^8.0.3" } }, "sha512-YwimDSJi8TlQ+xlMgTa7ONnzlF/pKvrhie7B85Qr1RwRr2Zu8MtSjcDEHSyKFVaG9pLxsg4BfpTia/SV/LlieA=="],

    "@smui/top-app-bar": ["@smui/top-app-bar@8.0.3", "", { "dependencies": { "@material/feature-targeting": "^14.0.0", "@material/top-app-bar": "^14.0.0", "@smui/common": "^8.0.3" } }, "sha512-V7EALHZj1KSC5jVtsE4PmljaM7H9YucPmF9LWu8YQ6mfJlmoCXQhdJ1xFJCEv5tbTUTdSY+txkhDfgDyc89OvQ=="],

    "@standard-schema/spec": ["@standard-schema/spec@1.0.0", "", {}, "sha512-m2bOd0f2RT9k8QJx1JN85cZYyH1RqFBdlwtkSlf4tBDYLCiiZnv1fIIwacK6cqwXavOydf0NPToMQgpKq+dVlA=="],

    "@sveltejs/acorn-typescript": ["@sveltejs/acorn-typescript@1.0.5", "", { "peerDependencies": { "acorn": "^8.9.0" } }, "sha512-IwQk4yfwLdibDlrXVE04jTZYlLnwsTT2PIOQQGNLWfjavGifnk1JD1LcZjZaBTRcxZu2FfPfNLOE04DSu9lqtQ=="],

    "@sveltejs/adapter-auto": ["@sveltejs/adapter-auto@6.1.0", "", { "peerDependencies": { "@sveltejs/kit": "^2.0.0" } }, "sha512-shOuLI5D2s+0zTv2ab5M5PqfknXqWbKi+0UwB9yLTRIdzsK1R93JOO8jNhIYSHdW+IYXIYnLniu+JZqXs7h9Wg=="],

    "@sveltejs/kit": ["@sveltejs/kit@2.29.1", "", { "dependencies": { "@standard-schema/spec": "^1.0.0", "@sveltejs/acorn-typescript": "^1.0.5", "@types/cookie": "^0.6.0", "acorn": "^8.14.1", "cookie": "^0.6.0", "devalue": "^5.1.0", "esm-env": "^1.2.2", "kleur": "^4.1.5", "magic-string": "^0.30.5", "mrmime": "^2.0.0", "sade": "^1.8.1", "set-cookie-parser": "^2.6.0", "sirv": "^3.0.0" }, "peerDependencies": { "@sveltejs/vite-plugin-svelte": "^3.0.0 || ^4.0.0-next.1 || ^5.0.0 || ^6.0.0-next.0", "svelte": "^4.0.0 || ^5.0.0-next.0", "vite": "^5.0.3 || ^6.0.0 || ^7.0.0-beta.0" }, "bin": { "svelte-kit": "svelte-kit.js" } }, "sha512-0D3dkz5ay5OslGSv8hyZJY892kTw+1G16zFR/ZXbV9XOd6s6Y9wW66vbkr0AtV0BXYtsXCXyt15H/OshAWKfDA=="],

    "@sveltejs/vite-plugin-svelte": ["@sveltejs/vite-plugin-svelte@6.1.2", "", { "dependencies": { "@sveltejs/vite-plugin-svelte-inspector": "^5.0.0", "debug": "^4.4.1", "deepmerge": "^4.3.1", "kleur": "^4.1.5", "magic-string": "^0.30.17", "vitefu": "^1.1.1" }, "peerDependencies": { "svelte": "^5.0.0", "vite": "^6.3.0 || ^7.0.0" } }, "sha512-7v+7OkUYelC2dhhYDAgX1qO2LcGscZ18Hi5kKzJQq7tQeXpH215dd0+J/HnX2zM5B3QKcIrTVqCGkZXAy5awYw=="],

    "@sveltejs/vite-plugin-svelte-inspector": ["@sveltejs/vite-plugin-svelte-inspector@5.0.0", "", { "dependencies": { "debug": "^4.4.1" }, "peerDependencies": { "@sveltejs/vite-plugin-svelte": "^6.0.0-next.0", "svelte": "^5.0.0", "vite": "^6.3.0 || ^7.0.0" } }, "sha512-iwQ8Z4ET6ZFSt/gC+tVfcsSBHwsqc6RumSaiLUkAurW3BCpJam65cmHw0oOlDMTO0u+PZi9hilBRYN+LZNHTUQ=="],

    "@types/cookie": ["@types/cookie@0.6.0", "", {}, "sha512-4Kh9a6B2bQciAhf7FSuMRRkUWecJgJu9nPnx3yzpsfXX/c50REIqpHY4C82bXP90qrLtXtkDxTZosYO3UpOwlA=="],

    "@types/estree": ["@types/estree@1.0.8", "", {}, "sha512-dWHzHa2WqEXI/O1E9OjrocMTKJl2mSrEolh1Iomrv6U+JuNwaHXsXx9bLu5gG7BUWFIN0skIQJQ/L1rIex4X6w=="],

    "acorn": ["acorn@8.15.0", "", { "bin": { "acorn": "bin/acorn" } }, "sha512-NZyJarBfL7nWwIq+FDL6Zp/yHEhePMNnnJ0y3qfieCrmNvYct8uvtiV41UvlSe6apAfk0fY1FbWx+NwfmpvtTg=="],

    "aria-query": ["aria-query@5.3.2", "", {}, "sha512-COROpnaoap1E2F000S62r6A60uHZnmlvomhfyT2DlTcrY1OrBKn2UhH7qn5wTC9zMvD0AY7csdPSNwKP+7WiQw=="],

    "axobject-query": ["axobject-query@4.1.0", "", {}, "sha512-qIj0G9wZbMGNLjLmg1PT6v2mE9AH2zlnADJD/2tC6E00hgmhUOfEB6greHPAfLRSufHqROIUTkw6E+M3lH0PTQ=="],

    "chokidar": ["chokidar@4.0.3", "", { "dependencies": { "readdirp": "^4.0.1" } }, "sha512-Qgzu8kfBvo+cA4962jnP1KkS6Dop5NS6g7R5LFYJr4b8Ub94PPQXUksCw9PvXoeXPRRddRNC5C1JQUR2SMGtnA=="],

    "clsx": ["clsx@2.1.1", "", {}, "sha512-eYm0QWBtUrBWZWG0d386OGAw16Z995PiOVo2B7bjWSbHedGl5e0ZWaq65kOGgUSNesEIDkB9ISbTg/JK9dhCZA=="],

    "cookie": ["cookie@0.6.0", "", {}, "sha512-U71cyTamuh1CRNCfpGY6to28lxvNwPG4Guz/EVjgf3Jmzv0vlDp1atT9eS5dDjMYHucpHbWns6Lwf3BKz6svdw=="],

    "debug": ["debug@4.4.1", "", { "dependencies": { "ms": "^2.1.3" } }, "sha512-KcKCqiftBJcZr++7ykoDIEwSa3XWowTfNPo92BYxjXiyYEVrUQh2aLyhxBCwww+heortUFxEJYcRzosstTEBYQ=="],

    "deepmerge": ["deepmerge@4.3.1", "", {}, "sha512-3sUqbMEc77XqpdNO7FRyRog+eW3ph+GYCbj+rK+uYyRMuwsVy0rMiVtPn+QJlKFvWP/1PYpapqYn0Me2knFn+A=="],

    "devalue": ["devalue@5.1.1", "", {}, "sha512-maua5KUiapvEwiEAe+XnlZ3Rh0GD+qI1J/nb9vrJc3muPXvcF/8gXYTWF76+5DAqHyDUtOIImEuo0YKE9mshVw=="],

    "esbuild": ["esbuild@0.25.9", "", { "optionalDependencies": { "@esbuild/aix-ppc64": "0.25.9", "@esbuild/android-arm": "0.25.9", "@esbuild/android-arm64": "0.25.9", "@esbuild/android-x64": "0.25.9", "@esbuild/darwin-arm64": "0.25.9", "@esbuild/darwin-x64": "0.25.9", "@esbuild/freebsd-arm64": "0.25.9", "@esbuild/freebsd-x64": "0.25.9", "@esbuild/linux-arm": "0.25.9", "@esbuild/linux-arm64": "0.25.9", "@esbuild/linux-ia32": "0.25.9", "@esbuild/linux-loong64": "0.25.9", "@esbuild/linux-mips64el": "0.25.9", "@esbuild/linux-ppc64": "0.25.9", "@esbuild/linux-riscv64": "0.25.9", "@esbuild/linux-s390x": "0.25.9", "@esbuild/linux-x64": "0.25.9", "@esbuild/netbsd-arm64": "0.25.9", "@esbuild/netbsd-x64": "0.25.9", "@esbuild/openbsd-arm64": "0.25.9", "@esbuild/openbsd-x64": "0.25.9", "@esbuild/openharmony-arm64": "0.25.9", "@esbuild/sunos-x64": "0.25.9", "@esbuild/win32-arm64": "0.25.9", "@esbuild/win32-ia32": "0.25.9", "@esbuild/win32-x64": "0.25.9" }, "bin": { "esbuild": "bin/esbuild" } }, "sha512-CRbODhYyQx3qp7ZEwzxOk4JBqmD/seJrzPa/cGjY1VtIn5E09Oi9/dB4JwctnfZ8Q8iT7rioVv5k/FNT/uf54g=="],

    "esm-env": ["esm-env@1.2.2", "", {}, "sha512-Epxrv+Nr/CaL4ZcFGPJIYLWFom+YeV1DqMLHJoEd9SYRxNbaFruBwfEX/kkHUJf55j2+TUbmDcmuilbP1TmXHA=="],

    "esrap": ["esrap@2.1.0", "", { "dependencies": { "@jridgewell/sourcemap-codec": "^1.4.15" } }, "sha512-yzmPNpl7TBbMRC5Lj2JlJZNPml0tzqoqP5B1JXycNUwtqma9AKCO0M2wHrdgsHcy1WRW7S9rJknAMtByg3usgA=="],

    "fdir": ["fdir@6.4.6", "", { "peerDependencies": { "picomatch": "^3 || ^4" }, "optionalPeers": ["picomatch"] }, "sha512-hiFoqpyZcfNm1yc4u8oWCf9A2c4D3QjCrks3zmoVKVxpQRzmPNar1hUJcBG2RQHvEVGDN+Jm81ZheVLAQMK6+w=="],

    "fsevents": ["fsevents@2.3.3", "", { "os": "darwin" }, "sha512-5xoDfX+fL7faATnagmWPpbFtwh/R77WmMMqqHGS65C3vvB0YHrgF+B1YmZ3441tMj5n63k0212XNoJwzlhffQw=="],

    "is-reference": ["is-reference@3.0.3", "", { "dependencies": { "@types/estree": "^1.0.6" } }, "sha512-ixkJoqQvAP88E6wLydLGGqCJsrFUnqoH6HnaczB8XmDH1oaWU+xxdptvikTgaEhtZ53Ky6YXiBuUI2WXLMCwjw=="],

    "kleur": ["kleur@4.1.5", "", {}, "sha512-o+NO+8WrRiQEE4/7nwRJhN1HWpVmJm511pBHUxPLtp0BUISzlBplORYSmTclCnJvQq2tKu/sgl3xVpkc7ZWuQQ=="],

    "locate-character": ["locate-character@3.0.0", "", {}, "sha512-SW13ws7BjaeJ6p7Q6CO2nchbYEc3X3J6WrmTTDto7yMPqVSZTUyY5Tjbid+Ab8gLnATtygYtiDIJGQRRn2ZOiA=="],

    "magic-string": ["magic-string@0.30.17", "", { "dependencies": { "@jridgewell/sourcemap-codec": "^1.5.0" } }, "sha512-sNPKHvyjVf7gyjwS4xGTaW/mCnF8wnjtifKBEhxfZ7E/S8tQ0rssrwGNn6q8JH/ohItJfSQp9mBtQYuTlH5QnA=="],

    "mri": ["mri@1.2.0", "", {}, "sha512-tzzskb3bG8LvYGFF/mDTpq3jpI6Q9wc3LEmBaghu+DdCssd1FakN7Bc0hVNmEyGq1bq3RgfkCb3cmQLpNPOroA=="],

    "mrmime": ["mrmime@2.0.1", "", {}, "sha512-Y3wQdFg2Va6etvQ5I82yUhGdsKrcYox6p7FfL1LbK2J4V01F9TGlepTIhnK24t7koZibmg82KGglhA1XK5IsLQ=="],

    "ms": ["ms@2.1.3", "", {}, "sha512-6FlzubTLZG3J2a/NVCAleEhjzq5oxgHyaCU9yYXvcLsvoVaHJq/s5xXI6/XXP6tz7R9xAOtHnSO/tXtF3WRTlA=="],

    "nanoid": ["nanoid@3.3.11", "", { "bin": { "nanoid": "bin/nanoid.cjs" } }, "sha512-N8SpfPUnUp1bK+PMYW8qSWdl9U+wwNWI4QKxOYDy9JAro3WMX7p2OeVRF9v+347pnakNevPmiHhNmZ2HbFA76w=="],

    "picocolors": ["picocolors@1.1.1", "", {}, "sha512-xceH2snhtb5M9liqDsmEw56le376mTZkEX/jEb/RxNFyegNul7eNslCXP9FDj/Lcu0X8KEyMceP2ntpaHrDEVA=="],

    "picomatch": ["picomatch@4.0.3", "", {}, "sha512-5gTmgEY/sqK6gFXLIsQNH19lWb4ebPDLA4SdLP7dsWkIXHWlG66oPuVvXSGFPppYZz8ZDZq0dYYrbHfBCVUb1Q=="],

    "postcss": ["postcss@8.5.6", "", { "dependencies": { "nanoid": "^3.3.11", "picocolors": "^1.1.1", "source-map-js": "^1.2.1" } }, "sha512-3Ybi1tAuwAP9s0r1UQ2J4n5Y0G05bJkpUIO0/bI9MhwmD70S5aTWbXGBwxHrelT+XM1k6dM0pk+SwNkpTRN7Pg=="],

    "readdirp": ["readdirp@4.1.2", "", {}, "sha512-GDhwkLfywWL2s6vEjyhri+eXmfH6j1L7JE27WhqLeYzoh/A3DBaYGEj2H/HFZCn/kMfim73FXxEJTw06WtxQwg=="],

    "rollup": ["rollup@4.46.2", "", { "dependencies": { "@types/estree": "1.0.8" }, "optionalDependencies": { "@rollup/rollup-android-arm-eabi": "4.46.2", "@rollup/rollup-android-arm64": "4.46.2", "@rollup/rollup-darwin-arm64": "4.46.2", "@rollup/rollup-darwin-x64": "4.46.2", "@rollup/rollup-freebsd-arm64": "4.46.2", "@rollup/rollup-freebsd-x64": "4.46.2", "@rollup/rollup-linux-arm-gnueabihf": "4.46.2", "@rollup/rollup-linux-arm-musleabihf": "4.46.2", "@rollup/rollup-linux-arm64-gnu": "4.46.2", "@rollup/rollup-linux-arm64-musl": "4.46.2", "@rollup/rollup-linux-loongarch64-gnu": "4.46.2", "@rollup/rollup-linux-ppc64-gnu": "4.46.2", "@rollup/rollup-linux-riscv64-gnu": "4.46.2", "@rollup/rollup-linux-riscv64-musl": "4.46.2", "@rollup/rollup-linux-s390x-gnu": "4.46.2", "@rollup/rollup-linux-x64-gnu": "4.46.2", "@rollup/rollup-linux-x64-musl": "4.46.2", "@rollup/rollup-win32-arm64-msvc": "4.46.2", "@rollup/rollup-win32-ia32-msvc": "4.46.2", "@rollup/rollup-win32-x64-msvc": "4.46.2", "fsevents": "~2.3.2" }, "bin": { "rollup": "dist/bin/rollup" } }, "sha512-WMmLFI+Boh6xbop+OAGo9cQ3OgX9MIg7xOQjn+pTCwOkk+FNDAeAemXkJ3HzDJrVXleLOFVa1ipuc1AmEx1Dwg=="],

    "sade": ["sade@1.8.1", "", { "dependencies": { "mri": "^1.1.0" } }, "sha512-xal3CZX1Xlo/k4ApwCFrHVACi9fBqJ7V+mwhBsuf/1IOKbBy098Fex+Wa/5QMubw09pSZ/u8EY8PWgevJsXp1A=="],

    "set-cookie-parser": ["set-cookie-parser@2.7.1", "", {}, "sha512-IOc8uWeOZgnb3ptbCURJWNjWUPcO3ZnTTdzsurqERrP6nPyv+paC55vJM0LpOlT2ne+Ix+9+CRG1MNLlyZ4GjQ=="],

    "sirv": ["sirv@3.0.1", "", { "dependencies": { "@polka/url": "^1.0.0-next.24", "mrmime": "^2.0.0", "totalist": "^3.0.0" } }, "sha512-FoqMu0NCGBLCcAkS1qA+XJIQTR6/JHfQXl+uGteNCQ76T91DMUjPa9xfmeqMY3z80nLSg9yQmNjK0Px6RWsH/A=="],

    "source-map-js": ["source-map-js@1.2.1", "", {}, "sha512-UXWMKhLOwVKb728IUtQPXxfYU+usdybtUrK/8uGE8CQMvrhOpwvzDBwj0QhSL7MQc7vIsISBG8VQ8+IDQxpfQA=="],

    "svelte": ["svelte@5.38.1", "", { "dependencies": { "@jridgewell/remapping": "^2.3.4", "@jridgewell/sourcemap-codec": "^1.5.0", "@sveltejs/acorn-typescript": "^1.0.5", "@types/estree": "^1.0.5", "acorn": "^8.12.1", "aria-query": "^5.3.1", "axobject-query": "^4.1.0", "clsx": "^2.1.1", "esm-env": "^1.2.1", "esrap": "^2.1.0", "is-reference": "^3.0.3", "locate-character": "^3.0.0", "magic-string": "^0.30.11", "zimmerframe": "^1.1.2" } }, "sha512-fO6CLDfJYWHgfo6lQwkQU2vhCiHc2MBl6s3vEhK+sSZru17YL4R5s1v14ndRpqKAIkq8nCz6MTk1yZbESZWeyQ=="],

    "svelte-check": ["svelte-check@4.3.1", "", { "dependencies": { "@jridgewell/trace-mapping": "^0.3.25", "chokidar": "^4.0.1", "fdir": "^6.2.0", "picocolors": "^1.0.0", "sade": "^1.7.4" }, "peerDependencies": { "svelte": "^4.0.0 || ^5.0.0-next.0", "typescript": ">=5.0.0" }, "bin": { "svelte-check": "bin/svelte-check" } }, "sha512-lkh8gff5gpHLjxIV+IaApMxQhTGnir2pNUAqcNgeKkvK5bT/30Ey/nzBxNLDlkztCH4dP7PixkMt9SWEKFPBWg=="],

    "tinyglobby": ["tinyglobby@0.2.14", "", { "dependencies": { "fdir": "^6.4.4", "picomatch": "^4.0.2" } }, "sha512-tX5e7OM1HnYr2+a2C/4V0htOcSQcoSTH9KgJnVvNm5zm/cyEWKJ7j7YutsH9CxMdtOkkLFy2AHrMci9IM8IPZQ=="],

    "totalist": ["totalist@3.0.1", "", {}, "sha512-sf4i37nQ2LBx4m3wB74y+ubopq6W/dIzXg0FDGjsYnZHVa1Da8FH853wlL2gtUhg+xJXjfk3kUZS3BRoQeoQBQ=="],

    "tslib": ["tslib@2.8.1", "", {}, "sha512-oJFu94HQb+KVduSUQL7wnpmqnfmLsOA/nAh6b6EH0wCEoK0/mPeXU6c3wKDV83MkOuHPRHtSXKKU99IBazS/2w=="],

    "typescript": ["typescript@5.9.2", "", { "bin": { "tsc": "bin/tsc", "tsserver": "bin/tsserver" } }, "sha512-CWBzXQrc/qOkhidw1OzBTQuYRbfyxDXJMVJ1XNwUHGROVmuaeiEm3OslpZ1RV96d7SKKjZKrSJu3+t/xlw3R9A=="],

    "vite": ["vite@7.1.2", "", { "dependencies": { "esbuild": "^0.25.0", "fdir": "^6.4.6", "picomatch": "^4.0.3", "postcss": "^8.5.6", "rollup": "^4.43.0", "tinyglobby": "^0.2.14" }, "optionalDependencies": { "fsevents": "~2.3.3" }, "peerDependencies": { "@types/node": "^20.19.0 || >=22.12.0", "jiti": ">=1.21.0", "less": "^4.0.0", "lightningcss": "^1.21.0", "sass": "^1.70.0", "sass-embedded": "^1.70.0", "stylus": ">=0.54.8", "sugarss": "^5.0.0", "terser": "^5.16.0", "tsx": "^4.8.1", "yaml": "^2.4.2" }, "optionalPeers": ["@types/node", "jiti", "less", "lightningcss", "sass", "sass-embedded", "stylus", "sugarss", "terser", "tsx", "yaml"], "bin": { "vite": "bin/vite.js" } }, "sha512-J0SQBPlQiEXAF7tajiH+rUooJPo0l8KQgyg4/aMunNtrOa7bwuZJsJbDWzeljqQpgftxuq5yNJxQ91O9ts29UQ=="],

    "vitefu": ["vitefu@1.1.1", "", { "peerDependencies": { "vite": "^3.0.0 || ^4.0.0 || ^5.0.0 || ^6.0.0 || ^7.0.0-beta.0" }, "optionalPeers": ["vite"] }, "sha512-B/Fegf3i8zh0yFbpzZ21amWzHmuNlLlmJT6n7bu5e+pCHUKQIfXSYokrqOBGEMMe9UG2sostKQF9mml/vYaWJQ=="],

    "zimmerframe": ["zimmerframe@1.1.2", "", {}, "sha512-rAbqEGa8ovJy4pyBxZM70hg4pE6gDgaQ0Sl9M3enG3I0d6H4XSAM3GeNGLKnsBpuijUow064sf7ww1nutC5/3w=="],
  }
}
